{
  "name": "tfm_multitenant_rag",
  "version": "0.1.0",
  "lockfileVersion": 3,
  "requires": true,
  "packages": {
    "": {
      "name": "tfm_multitenant_rag",
      "version": "0.1.0",
      "license": "MIT",
      "workspaces": [
        "apps/*",
        "packages/*"
      ],
      "engines": {
        "node": ">=22 <23",
        "npm": ">=10"
      }
    },
    "apps/api": {
      "name": "@tenant-ai/api",
      "version": "0.1.0"
    },
    "apps/web": {
      "name": "@tenant-ai/web",
      "version": "0.1.0"
    },
    "node_modules/@tenant-ai/api": {
      "resolved": "apps/api",
      "link": true
    },
    "node_modules/@tenant-ai/shared": {
      "resolved": "packages/shared",
      "link": true
    },
    "node_modules/@tenant-ai/web": {
      "resolved": "apps/web",
      "link": true
    },
    "packages/shared": {
      "name": "@tenant-ai/shared",
      "version": "0.1.0"
    }
  }
}
